<?xml version="1.0" encoding="UTF-8" standalone="yes" ?>
<CodeBlocks_project_file>
	<FileVersion major="1" minor="6" />
	<Project>
		<Option title="helpDesk" />
		<Option pch_mode="2" />
		<Option compiler="gcc" />
		<Build>
			<Target title="Debug">
				<Option output="bin/Debug/helpDesk" prefix_auto="1" extension_auto="1" />
				<Option object_output="obj/Debug/" />
				<Option type="1" />
				<Option compiler="gcc" />
				<Compiler>
					<Add option="-g" />
				</Compiler>
			</Target>
			<Target title="Release">
				<Option output="bin/Release/helpDesk" prefix_auto="1" extension_auto="1" />
				<Option object_output="obj/Release/" />
				<Option type="1" />
				<Option compiler="gcc" />
				<Compiler>
					<Add option="-O2" />
				</Compiler>
				<Linker>
					<Add option="-s" />
				</Linker>
			</Target>
		</Build>
		<Compiler>
			<Add option="-Wall" />
			<Add option="-fexceptions" />
		</Compiler>
		<Unit filename="ArchivoAreaSoporte.cpp" />
		<Unit filename="ArchivoAreaSoporte.h" />
		<Unit filename="ArchivoCategoria.cpp" />
		<Unit filename="ArchivoCategoria.h" />
		<Unit filename="ArchivoRespuestas.cpp" />
		<Unit filename="ArchivoRespuestas.h" />
		<Unit filename="ArchivoRoles.cpp" />
		<Unit filename="ArchivoRoles.h" />
		<Unit filename="ArchivoUsuarios.cpp" />
		<Unit filename="ArchivoUsuarios.h" />
		<Unit filename="AreaSoporte.cpp" />
		<Unit filename="AreaSoporte.h" />
		<Unit filename="Categoria.cpp" />
		<Unit filename="Categoria.h" />
		<Unit filename="Fecha.cpp" />
		<Unit filename="Fecha.h" />
		<Unit filename="GestionCategorias.cpp" />
		<Unit filename="GestionCategorias.h" />
		<Unit filename="GestionEstadisticas.cpp" />
		<Unit filename="GestionEstadisticas.h" />
		<Unit filename="GestionTickets.cpp" />
		<Unit filename="GestionTickets.h" />
		<Unit filename="GestionUsuarios.cpp" />
		<Unit filename="GestionUsuarios.h" />
		<Unit filename="MenuAdmiConfiguracion.cpp" />
		<Unit filename="MenuAdmiConfiguracion.h" />
		<Unit filename="MenuAdmin.cpp" />
		<Unit filename="MenuAdmin.h" />
		<Unit filename="MenuClientes.cpp" />
		<Unit filename="MenuClientes.h" />
		<Unit filename="MenuSoporte.cpp" />
		<Unit filename="MenuSoporte.h" />
		<Unit filename="Menus.cpp" />
		<Unit filename="Menus.h" />
		<Unit filename="ModificarUsuariosSoporteCliente.cpp" />
		<Unit filename="ModificarUsuariosSoporteCliente.h" />
		<Unit filename="Respuestas.cpp" />
		<Unit filename="Respuestas.h" />
		<Unit filename="Roles.cpp" />
		<Unit filename="Roles.h" />
		<Unit filename="TicketArchivo.cpp" />
		<Unit filename="TicketArchivo.h" />
		<Unit filename="main.cpp" />
		<Unit filename="ticket.cpp" />
		<Unit filename="ticket.h" />
		<Unit filename="usuarios.cpp" />
		<Unit filename="usuarios.h" />
		<Extensions />
	</Project>
</CodeBlocks_project_file>
